
Microsoft Visual Studio Solution File, Format Version 12.00
# Visual Studio Version 16
VisualStudioVersion = 16.0.30804.86
MinimumVisualStudioVersion = 10.0.40219.1
Project("{FAE04EC0-301F-11D3-BF4B-00C04F79EFBC}") = "UserManagement", "UserManagement\UserManagement.csproj", "{7FBCD958-5458-433D-AA62-BE9A00212EED}"
EndProject
Global
	GlobalSection(SolutionConfigurationPlatforms) = preSolution
		Debug|Any CPU = Debug|Any CPU
		Release|Any CPU = Release|Any CPU
	EndGlobalSection
	GlobalSection(ProjectConfigurationPlatforms) = postSolution
		{7FBCD958-5458-433D-AA62-BE9A00212EED}.Debug|Any CPU.ActiveCfg = Debug|Any CPU
		{7FBCD958-5458-433D-AA62-BE9A00212EED}.Debug|Any CPU.Build.0 = Debug|Any CPU
		{7FBCD958-5458-433D-AA62-BE9A00212EED}.Release|Any CPU.ActiveCfg = Release|Any CPU
		{7FBCD958-5458-433D-AA62-BE9A00212EED}.Release|Any CPU.Build.0 = Release|Any CPU
	EndGlobalSection
	GlobalSection(SolutionProperties) = preSolution
		HideSolutionNode = FALSE
	EndGlobalSection
	GlobalSection(ExtensibilityGlobals) = postSolution
		SolutionGuid = {22831F5F-5EFF-433C-9CBB-0B404490852B}
	EndGlobalSection
EndGlobal
